
Microsoft Visual Studio Solution File, Format Version 12.00
# Visual Studio Version 17
VisualStudioVersion = 17.9.34728.123
MinimumVisualStudioVersion = 10.0.40219.1
Project("{9A19103F-16F7-4668-BE54-9A1E7A4F7556}") = "WebAPI", "WebAPI.csproj", "{2B081CC3-A2C5-4F25-95B7-BD0DC295D13E}"
EndProject
Project("{9A19103F-16F7-4668-BE54-9A1E7A4F7556}") = "DataServices", "..\DataServices\DataServices.csproj", "{235C0B95-9CF8-424A-A9EE-6F5055E45A5D}"
EndProject
Global
	GlobalSection(SolutionConfigurationPlatforms) = preSolution
		Debug|Any CPU = Debug|Any CPU
		Release|Any CPU = Release|Any CPU
	EndGlobalSection
	GlobalSection(ProjectConfigurationPlatforms) = postSolution
		{2B081CC3-A2C5-4F25-95B7-BD0DC295D13E}.Debug|Any CPU.ActiveCfg = Debug|Any CPU
		{2B081CC3-A2C5-4F25-95B7-BD0DC295D13E}.Debug|Any CPU.Build.0 = Debug|Any CPU
		{2B081CC3-A2C5-4F25-95B7-BD0DC295D13E}.Release|Any CPU.ActiveCfg = Release|Any CPU
		{2B081CC3-A2C5-4F25-95B7-BD0DC295D13E}.Release|Any CPU.Build.0 = Release|Any CPU
		{235C0B95-9CF8-424A-A9EE-6F5055E45A5D}.Debug|Any CPU.ActiveCfg = Debug|Any CPU
		{235C0B95-9CF8-424A-A9EE-6F5055E45A5D}.Debug|Any CPU.Build.0 = Debug|Any CPU
		{235C0B95-9CF8-424A-A9EE-6F5055E45A5D}.Release|Any CPU.ActiveCfg = Release|Any CPU
		{235C0B95-9CF8-424A-A9EE-6F5055E45A5D}.Release|Any CPU.Build.0 = Release|Any CPU
	EndGlobalSection
	GlobalSection(SolutionProperties) = preSolution
		HideSolutionNode = FALSE
	EndGlobalSection
	GlobalSection(ExtensibilityGlobals) = postSolution
		SolutionGuid = {2D1D077D-6010-4487-B101-F195E68B7B20}
	EndGlobalSection
EndGlobal
